
Microsoft Visual Studio Solution File, Format Version 12.00
# Visual Studio 15
VisualStudioVersion = 15.0.27130.2010
MinimumVisualStudioVersion = 10.0.40219.1
Project("{FAE04EC0-301F-11D3-BF4B-00C04F79EFBC}") = "Payment", "Payment\Payment.csproj", "{4552BC97-1039-45D7-B3D8-07FA0C101838}"
EndProject
Project("{FAE04EC0-301F-11D3-BF4B-00C04F79EFBC}") = "Demo", "Demo\Demo.csproj", "{0FF4A85A-267A-46A9-B706-B76985A5B015}"
EndProject
Global
	GlobalSection(SolutionConfigurationPlatforms) = preSolution
		Debug|Any CPU = Debug|Any CPU
		Release|Any CPU = Release|Any CPU
	EndGlobalSection
	GlobalSection(ProjectConfigurationPlatforms) = postSolution
		{4552BC97-1039-45D7-B3D8-07FA0C101838}.Debug|Any CPU.ActiveCfg = Debug|Any CPU
		{4552BC97-1039-45D7-B3D8-07FA0C101838}.Debug|Any CPU.Build.0 = Debug|Any CPU
		{4552BC97-1039-45D7-B3D8-07FA0C101838}.Release|Any CPU.ActiveCfg = Release|Any CPU
		{4552BC97-1039-45D7-B3D8-07FA0C101838}.Release|Any CPU.Build.0 = Release|Any CPU
		{0FF4A85A-267A-46A9-B706-B76985A5B015}.Debug|Any CPU.ActiveCfg = Debug|Any CPU
		{0FF4A85A-267A-46A9-B706-B76985A5B015}.Debug|Any CPU.Build.0 = Debug|Any CPU
		{0FF4A85A-267A-46A9-B706-B76985A5B015}.Release|Any CPU.ActiveCfg = Release|Any CPU
		{0FF4A85A-267A-46A9-B706-B76985A5B015}.Release|Any CPU.Build.0 = Release|Any CPU
	EndGlobalSection
	GlobalSection(SolutionProperties) = preSolution
		HideSolutionNode = FALSE
	EndGlobalSection
	GlobalSection(ExtensibilityGlobals) = postSolution
		SolutionGuid = {CE22A328-E86A-444F-9EDB-FD84E2EF1D08}
	EndGlobalSection
EndGlobal
